// !$*UTF8*$!
{
	archiveVersion = 1;
	classes = {
	};
	objectVersion = 50;
	objects = {

/* Begin PBXBuildFile section */
		8B2A63692101F00A00B03F46 /* VoiceML.swift in Sources */ = {isa = PBXBuildFile; fileRef = 8B2A63682101F00A00B03F46 /* VoiceML.swift */; };
		B03FB7782101BEC7009669A0 /* VoiceML.h in Headers */ = {isa = PBXBuildFile; fileRef = B03FB7762101BEC7009669A0 /* VoiceML.h */; settings = {ATTRIBUTES = (Public, ); }; };
		B03FB77F2101F670009669A0 /* VMLAuthorizer.swift in Sources */ = {isa = PBXBuildFile; fileRef = B03FB77E2101F670009669A0 /* VMLAuthorizer.swift */; };
		B03FB7AF2102018B009669A0 /* VMLAudioRecorder.swift in Sources */ = {isa = PBXBuildFile; fileRef = B03FB7AE2102018B009669A0 /* VMLAudioRecorder.swift */; };
		B03FB7B121020D58009669A0 /* VMLClassifier.swift in Sources */ = {isa = PBXBuildFile; fileRef = B03FB7B021020D58009669A0 /* VMLClassifier.swift */; };
		B03FB7B321021195009669A0 /* VMLModel.mlmodel in Sources */ = {isa = PBXBuildFile; fileRef = B03FB7B221021195009669A0 /* VMLModel.mlmodel */; };
/* End PBXBuildFile section */

/* Begin PBXFileReference section */
		8B2A63682101F00A00B03F46 /* VoiceML.swift */ = {isa = PBXFileReference; lastKnownFileType = sourcecode.swift; path = VoiceML.swift; sourceTree = "<group>"; };
		B03FB7732101BEC7009669A0 /* VoiceML.framework */ = {isa = PBXFileReference; explicitFileType = wrapper.framework; includeInIndex = 0; path = VoiceML.framework; sourceTree = BUILT_PRODUCTS_DIR; };
		B03FB7762101BEC7009669A0 /* VoiceML.h */ = {isa = PBXFileReference; lastKnownFileType = sourcecode.c.h; path = VoiceML.h; sourceTree = "<group>"; };
		B03FB7772101BEC7009669A0 /* Info.plist */ = {isa = PBXFileReference; lastKnownFileType = text.plist.xml; path = Info.plist; sourceTree = "<group>"; };
		B03FB77E2101F670009669A0 /* VMLAuthorizer.swift */ = {isa = PBXFileReference; lastKnownFileType = sourcecode.swift; path = VMLAuthorizer.swift; sourceTree = "<group>"; };
		B03FB7AE2102018B009669A0 /* VMLAudioRecorder.swift */ = {isa = PBXFileReference; lastKnownFileType = sourcecode.swift; path = VMLAudioRecorder.swift; sourceTree = "<group>"; };
		B03FB7B021020D58009669A0 /* VMLClassifier.swift */ = {isa = PBXFileReference; lastKnownFileType = sourcecode.swift; path = VMLClassifier.swift; sourceTree = "<group>"; };
		B03FB7B221021195009669A0 /* VMLModel.mlmodel */ = {isa = PBXFileReference; lastKnownFileType = file.mlmodel; path = VMLModel.mlmodel; sourceTree = "<group>"; };
/* End PBXFileReference section */

/* Begin PBXFrameworksBuildPhase section */
		B03FB76F2101BEC7009669A0 /* Frameworks */ = {
			isa = PBXFrameworksBuildPhase;
			buildActionMask = 2147483647;
			files = (
			);
			runOnlyForDeploymentPostprocessing = 0;
		};
/* End PBXFrameworksBuildPhase section */

/* Begin PBXGroup section */
		B03FB7692101BEC7009669A0 = {
			isa = PBXGroup;
			children = (
				B03FB7752101BEC7009669A0 /* VoiceML */,
				B03FB7742101BEC7009669A0 /* Products */,
			);
			sourceTree = "<group>";
		};
		B03FB7742101BEC7009669A0 /* Products */ = {
			isa = PBXGroup;
			children = (
				B03FB7732101BEC7009669A0 /* VoiceML.framework */,
			);
			name = Products;
			sourceTree = "<group>";
		};
		B03FB7752101BEC7009669A0 /* VoiceML */ = {
			isa = PBXGroup;
			children = (
				B03FB7762101BEC7009669A0 /* VoiceML.h */,
				8B2A63682101F00A00B03F46 /* VoiceML.swift */,
				B03FB77E2101F670009669A0 /* VMLAuthorizer.swift */,
				B03FB7AE2102018B009669A0 /* VMLAudioRecorder.swift */,
				B03FB7B021020D58009669A0 /* VMLClassifier.swift */,
				B03FB7B221021195009669A0 /* VMLModel.mlmodel */,
				B03FB7772101BEC7009669A0 /* Info.plist */,
			);
			path = VoiceML;
			sourceTree = "<group>";
		};
/* End PBXGroup section */

/* Begin PBXHeadersBuildPhase section */
		B03FB7702101BEC7009669A0 /* Headers */ = {
			isa = PBXHeadersBuildPhase;
			buildActionMask = 2147483647;
			files = (
				B03FB7782101BEC7009669A0 /* VoiceML.h in Headers */,
			);
			runOnlyForDeploymentPostprocessing = 0;
		};
/* End PBXHeadersBuildPhase section */

/* Begin PBXNativeTarget section */
		B03FB7722101BEC7009669A0 /* VoiceML */ = {
			isa = PBXNativeTarget;
			buildConfigurationList = B03FB77B2101BEC7009669A0 /* Build configuration list for PBXNativeTarget "VoiceML" */;
			buildPhases = (
				B03FB76E2101BEC7009669A0 /* Sources */,
				B03FB76F2101BEC7009669A0 /* Frameworks */,
				B03FB7702101BEC7009669A0 /* Headers */,
				B03FB7712101BEC7009669A0 /* Resources */,
			);
			buildRules = (
			);
			dependencies = (
			);
			name = VoiceML;
			productName = VoiceML;
			productReference = B03FB7732101BEC7009669A0 /* VoiceML.framework */;
			productType = "com.apple.product-type.framework";
		};
/* End PBXNativeTarget section */

/* Begin PBXProject section */
		B03FB76A2101BEC7009669A0 /* Project object */ = {
			isa = PBXProject;
			attributes = {
				LastUpgradeCheck = 0940;
				ORGANIZATIONNAME = "SJ Dev";
				TargetAttributes = {
					B03FB7722101BEC7009669A0 = {
						CreatedOnToolsVersion = 9.4;
						LastSwiftMigration = 0940;
					};
				};
			};
			buildConfigurationList = B03FB76D2101BEC7009669A0 /* Build configuration list for PBXProject "VoiceML" */;
			compatibilityVersion = "Xcode 9.3";
			developmentRegion = en;
			hasScannedForEncodings = 0;
			knownRegions = (
				en,
			);
			mainGroup = B03FB7692101BEC7009669A0;
			productRefGroup = B03FB7742101BEC7009669A0 /* Products */;
			projectDirPath = "";
			projectRoot = "";
			targets = (
				B03FB7722101BEC7009669A0 /* VoiceML */,
			);
		};
/* End PBXProject section */

/* Begin PBXResourcesBuildPhase section */
		B03FB7712101BEC7009669A0 /* Resources */ = {
			isa = PBXResourcesBuildPhase;
			buildActionMask = 2147483647;
			files = (
			);
			runOnlyForDeploymentPostprocessing = 0;
		};
/* End PBXResourcesBuildPhase section */

/* Begin PBXSourcesBuildPhase section */
		B03FB76E2101BEC7009669A0 /* Sources */ = {
			isa = PBXSourcesBuildPhase;
			buildActionMask = 2147483647;
			files = (
				8B2A63692101F00A00B03F46 /* VoiceML.swift in Sources */,
				B03FB7B321021195009669A0 /* VMLModel.mlmodel in Sources */,
				B03FB77F2101F670009669A0 /* VMLAuthorizer.swift in Sources */,
				B03FB7B121020D58009669A0 /* VMLClassifier.swift in Sources */,
				B03FB7AF2102018B009669A0 /* VMLAudioRecorder.swift in Sources */,
			);
			runOnlyForDeploymentPostprocessing = 0;
		};
/* End PBXSourcesBuildPhase section */

/* Begin XCBuildConfiguration section */
		B03FB7792101BEC7009669A0 /* Debug */ = {
			isa = XCBuildConfiguration;
			buildSettings = {
				ALWAYS_SEARCH_USER_PATHS = NO;
				CLANG_ANALYZER_NONNULL = YES;
				CLANG_ANALYZER_NUMBER_OBJECT_CONVERSION = YES_AGGRESSIVE;
				CLANG_CXX_LANGUAGE_STANDARD = "gnu++14";
				CLANG_CXX_LIBRARY = "libc++";
				CLANG_ENABLE_MODULES = YES;
				CLANG_ENABLE_OBJC_ARC = YES;
				CLANG_ENABLE_OBJC_WEAK = YES;
				CLANG_WARN_BLOCK_CAPTURE_AUTORELEASING = YES;
				CLANG_WARN_BOOL_CONVERSION = YES;
				CLANG_WARN_COMMA = YES;
				CLANG_WARN_CONSTANT_CONVERSION = YES;
				CLANG_WARN_DEPRECATED_OBJC_IMPLEMENTATIONS = YES;
				CLANG_WARN_DIRECT_OBJC_ISA_USAGE = YES_ERROR;
				CLANG_WARN_DOCUMENTATION_COMMENTS = YES;
				CLANG_WARN_EMPTY_BODY = YES;
				CLANG_WARN_ENUM_CONVERSION = YES;
				CLANG_WARN_INFINITE_RECURSION = YES;
				CLANG_WARN_INT_CONVERSION = YES;
				CLANG_WARN_NON_LITERAL_NULL_CONVERSION = YES;
				CLANG_WARN_OBJC_IMPLICIT_RETAIN_SELF = YES;
				CLANG_WARN_OBJC_LITERAL_CONVERSION = YES;
				CLANG_WARN_OBJC_ROOT_CLASS = YES_ERROR;
				CLANG_WARN_RANGE_LOOP_ANALYSIS = YES;
				CLANG_WARN_STRICT_PROTOTYPES = YES;
				CLANG_WARN_SUSPICIOUS_MOVE = YES;
				CLANG_WARN_UNGUARDED_AVAILABILITY = YES_AGGRESSIVE;
				CLANG_WARN_UNREACHABLE_CODE = YES;
				CLANG_WARN__DUPLICATE_METHOD_MATCH = YES;
				CODE_SIGN_IDENTITY = "iPhone Developer";
				COPY_PHASE_STRIP = NO;
				CURRENT_PROJECT_VERSION = 1;
				DEBUG_INFORMATION_FORMAT = dwarf;
				ENABLE_STRICT_OBJC_MSGSEND = YES;
				ENABLE_TESTABILITY = YES;
				GCC_C_LANGUAGE_STANDARD = gnu11;
				GCC_DYNAMIC_NO_PIC = NO;
				GCC_NO_COMMON_BLOCKS = YES;
				GCC_OPTIMIZATION_LEVEL = 0;
				GCC_PREPROCESSOR_DEFINITIONS = (
					"DEBUG=1",
					"$(inherited)",
				);
				GCC_WARN_64_TO_32_BIT_CONVERSION = YES;
				GCC_WARN_ABOUT_RETURN_TYPE = YES_ERROR;
				GCC_WARN_UNDECLARED_SELECTOR = YES;
				GCC_WARN_UNINITIALIZED_AUTOS = YES_AGGRESSIVE;
				GCC_WARN_UNUSED_FUNCTION = YES;
				GCC_WARN_UNUSED_VARIABLE = YES;
				IPHONEOS_DEPLOYMENT_TARGET = 11.4;
				MTL_ENABLE_DEBUG_INFO = YES;
				ONLY_ACTIVE_ARCH = YES;
				SDKROOT = iphoneos;
				SWIFT_ACTIVE_COMPILATION_CONDITIONS = DEBUG;
				SWIFT_OPTIMIZATION_LEVEL = "-Onone";
				VERSIONING_SYSTEM = "apple-generic";
				VERSION_INFO_PREFIX = "";
			};
			name = Debug;
		};
		B03FB77A2101BEC7009669A0 /* Release */ = {
			isa = XCBuildConfiguration;
			buildSettings = {
				ALWAYS_SEARCH_USER_PATHS = NO;
				CLANG_ANALYZER_NONNULL = YES;
				CLANG_ANALYZER_NUMBER_OBJECT_CONVERSION = YES_AGGRESSIVE;
				CLANG_CXX_LANGUAGE_STANDARD = "gnu++14";
				CLANG_CXX_LIBRARY = "libc++";
				CLANG_ENABLE_MODULES = YES;
				CLANG_ENABLE_OBJC_ARC = YES;
				CLANG_ENABLE_OBJC_WEAK = YES;
				CLANG_WARN_BLOCK_CAPTURE_AUTORELEASING = YES;
				CLANG_WARN_BOOL_CONVERSION = YES;
				CLANG_WARN_COMMA = YES;
				CLANG_WARN_CONSTANT_CONVERSION = YES;
				CLANG_WARN_DEPRECATED_OBJC_IMPLEMENTATIONS = YES;
				CLANG_WARN_DIRECT_OBJC_ISA_USAGE = YES_ERROR;
				CLANG_WARN_DOCUMENTATION_COMMENTS = YES;
				CLANG_WARN_EMPTY_BODY = YES;
				CLANG_WARN_ENUM_CONVERSION = YES;
				CLANG_WARN_INFINITE_RECURSION = YES;
				CLANG_WARN_INT_CONVERSION = YES;
				CLANG_WARN_NON_LITERAL_NULL_CONVERSION = YES;
				CLANG_WARN_OBJC_IMPLICIT_RETAIN_SELF = YES;
				CLANG_WARN_OBJC_LITERAL_CONVERSION = YES;
				CLANG_WARN_OBJC_ROOT_CLASS = YES_ERROR;
				CLANG_WARN_RANGE_LOOP_ANALYSIS = YES;
				CLANG_WARN_STRICT_PROTOTYPES = YES;
				CLANG_WARN_SUSPICIOUS_MOVE = YES;
				CLANG_WARN_UNGUARDED_AVAILABILITY = YES_AGGRESSIVE;
				CLANG_WARN_UNREACHABLE_CODE = YES;
				CLANG_WARN__DUPLICATE_METHOD_MATCH = YES;
				CODE_SIGN_IDENTITY = "iPhone Developer";
				COPY_PHASE_STRIP = NO;
				CURRENT_PROJECT_VERSION = 1;
				DEBUG_INFORMATION_FORMAT = "dwarf-with-dsym";
				ENABLE_NS_ASSERTIONS = NO;
				ENABLE_STRICT_OBJC_MSGSEND = YES;
				GCC_C_LANGUAGE_STANDARD = gnu11;
				GCC_NO_COMMON_BLOCKS = YES;
				GCC_WARN_64_TO_32_BIT_CONVERSION = YES;
				GCC_WARN_ABOUT_RETURN_TYPE = YES_ERROR;
				GCC_WARN_UNDECLARED_SELECTOR = YES;
				GCC_WARN_UNINITIALIZED_AUTOS = YES_AGGRESSIVE;
				GCC_WARN_UNUSED_FUNCTION = YES;
				GCC_WARN_UNUSED_VARIABLE = YES;
				IPHONEOS_DEPLOYMENT_TARGET = 11.4;
				MTL_ENABLE_DEBUG_INFO = NO;
				SDKROOT = iphoneos;
				SWIFT_COMPILATION_MODE = wholemodule;
				SWIFT_OPTIMIZATION_LEVEL = "-O";
				VALIDATE_PRODUCT = YES;
				VERSIONING_SYSTEM = "apple-generic";
				VERSION_INFO_PREFIX = "";
			};
			name = Release;
		};
		B03FB77C2101BEC7009669A0 /* Debug */ = {
			isa = XCBuildConfiguration;
			buildSettings = {
				CLANG_ENABLE_MODULES = YES;
				CODE_SIGN_IDENTITY = "";
				CODE_SIGN_STYLE = Automatic;
				DEFINES_MODULE = YES;
				DEVELOPMENT_TEAM = "";
				DYLIB_COMPATIBILITY_VERSION = 1;
				DYLIB_CURRENT_VERSION = 1;
				DYLIB_INSTALL_NAME_BASE = "@rpath";
				INFOPLIST_FILE = VoiceML/Info.plist;
				INSTALL_PATH = "$(LOCAL_LIBRARY_DIR)/Frameworks";
				IPHONEOS_DEPLOYMENT_TARGET = 9.0;
				LD_RUNPATH_SEARCH_PATHS = (
					"$(inherited)",
					"@executable_path/Frameworks",
					"@loader_path/Frameworks",
				);
				PRODUCT_BUNDLE_IDENTIFIER = com.SysJ.VoiceML;
				PRODUCT_NAME = "$(TARGET_NAME:c99extidentifier)";
				SKIP_INSTALL = YES;
				SWIFT_OPTIMIZATION_LEVEL = "-Onone";
				SWIFT_VERSION = 3.0;
				TARGETED_DEVICE_FAMILY = "1,2";
				VALID_ARCHS = "arm64 armv7 armv7s i386 x85_64";
			};
			name = Debug;
		};
		B03FB77D2101BEC7009669A0 /* Release */ = {
			isa = XCBuildConfiguration;
			buildSettings = {
				CLANG_ENABLE_MODULES = YES;
				CODE_SIGN_IDENTITY = "";
				CODE_SIGN_STYLE = Automatic;
				DEFINES_MODULE = YES;
				DEVELOPMENT_TEAM = "";
				DYLIB_COMPATIBILITY_VERSION = 1;
				DYLIB_CURRENT_VERSION = 1;
				DYLIB_INSTALL_NAME_BASE = "@rpath";
				INFOPLIST_FILE = VoiceML/Info.plist;
				INSTALL_PATH = "$(LOCAL_LIBRARY_DIR)/Frameworks";
				IPHONEOS_DEPLOYMENT_TARGET = 9.0;
				LD_RUNPATH_SEARCH_PATHS = (
					"$(inherited)",
					"@executable_path/Frameworks",
					"@loader_path/Frameworks",
				);
				ONLY_ACTIVE_ARCH = YES;
				PRODUCT_BUNDLE_IDENTIFIER = com.SysJ.VoiceML;
				PRODUCT_NAME = "$(TARGET_NAME:c99extidentifier)";
				SKIP_INSTALL = YES;
				SWIFT_VERSION = 3.0;
				TARGETED_DEVICE_FAMILY = "1,2";
				VALID_ARCHS = "arm64 armv7 armv7s x85_64 i386";
			};
			name = Release;
		};
/* End XCBuildConfiguration section */

/* Begin XCConfigurationList section */
		B03FB76D2101BEC7009669A0 /* Build configuration list for PBXProject "VoiceML" */ = {
			isa = XCConfigurationList;
			buildConfigurations = (
				B03FB7792101BEC7009669A0 /* Debug */,
				B03FB77A2101BEC7009669A0 /* Release */,
			);
			defaultConfigurationIsVisible = 0;
			defaultConfigurationName = Release;
		};
		B03FB77B2101BEC7009669A0 /* Build configuration list for PBXNativeTarget "VoiceML" */ = {
			isa = XCConfigurationList;
			buildConfigurations = (
				B03FB77C2101BEC7009669A0 /* Debug */,
				B03FB77D2101BEC7009669A0 /* Release */,
			);
			defaultConfigurationIsVisible = 0;
			defaultConfigurationName = Release;
		};
/* End XCConfigurationList section */
	};
	rootObject = B03FB76A2101BEC7009669A0 /* Project object */;
}
